
Microsoft Visual Studio Solution File, Format Version 12.00
# Visual Studio Version 17
VisualStudioVersion = 17.3.32819.101
MinimumVisualStudioVersion = 10.0.40219.1
Project("{9A19103F-16F7-4668-BE54-9A1E7A4F7556}") = "NetCore.RabbitMQ.Publisher", "NetCore.RabbitMQ.Publisher\NetCore.RabbitMQ.Publisher.csproj", "{215CA26B-EE47-4048-A958-EF987020EAF3}"
EndProject
Project("{FAE04EC0-301F-11D3-BF4B-00C04F79EFBC}") = "NetCoreRabbitMQ.Subscriber", "NetCoreRabbitMQ.Subscriber\NetCoreRabbitMQ.Subscriber.csproj", "{786D0E23-47C7-41E1-8D80-A899F7F82B47}"
EndProject
Global
	GlobalSection(SolutionConfigurationPlatforms) = preSolution
		Debug|Any CPU = Debug|Any CPU
		Release|Any CPU = Release|Any CPU
	EndGlobalSection
	GlobalSection(ProjectConfigurationPlatforms) = postSolution
		{215CA26B-EE47-4048-A958-EF987020EAF3}.Debug|Any CPU.ActiveCfg = Debug|Any CPU
		{215CA26B-EE47-4048-A958-EF987020EAF3}.Debug|Any CPU.Build.0 = Debug|Any CPU
		{215CA26B-EE47-4048-A958-EF987020EAF3}.Release|Any CPU.ActiveCfg = Release|Any CPU
		{215CA26B-EE47-4048-A958-EF987020EAF3}.Release|Any CPU.Build.0 = Release|Any CPU
		{786D0E23-47C7-41E1-8D80-A899F7F82B47}.Debug|Any CPU.ActiveCfg = Debug|Any CPU
		{786D0E23-47C7-41E1-8D80-A899F7F82B47}.Debug|Any CPU.Build.0 = Debug|Any CPU
		{786D0E23-47C7-41E1-8D80-A899F7F82B47}.Release|Any CPU.ActiveCfg = Release|Any CPU
		{786D0E23-47C7-41E1-8D80-A899F7F82B47}.Release|Any CPU.Build.0 = Release|Any CPU
	EndGlobalSection
	GlobalSection(SolutionProperties) = preSolution
		HideSolutionNode = FALSE
	EndGlobalSection
	GlobalSection(ExtensibilityGlobals) = postSolution
		SolutionGuid = {BB4C2510-A3C6-4B91-9DD8-F722F6D57407}
	EndGlobalSection
EndGlobal
